
Microsoft Visual Studio Solution File, Format Version 12.00
# Visual Studio Version 17
VisualStudioVersion = 17.3.32922.545
MinimumVisualStudioVersion = 10.0.40219.1
Project("{9A19103F-16F7-4668-BE54-9A1E7A4F7556}") = "Vehicles.Common", "Vehicles.Common\Vehicles.Common.csproj", "{C5CA4E3E-63A9-472C-81EA-7CEC5132B99C}"
EndProject
Project("{9A19103F-16F7-4668-BE54-9A1E7A4F7556}") = "Vehicles.API", "Vehicles.API\Vehicles.API.csproj", "{22A140E1-51BD-4D76-A180-3142490CCFDF}"
EndProject
Global
	GlobalSection(SolutionConfigurationPlatforms) = preSolution
		Debug|Any CPU = Debug|Any CPU
		Release|Any CPU = Release|Any CPU
	EndGlobalSection
	GlobalSection(ProjectConfigurationPlatforms) = postSolution
		{C5CA4E3E-63A9-472C-81EA-7CEC5132B99C}.Debug|Any CPU.ActiveCfg = Debug|Any CPU
		{C5CA4E3E-63A9-472C-81EA-7CEC5132B99C}.Debug|Any CPU.Build.0 = Debug|Any CPU
		{C5CA4E3E-63A9-472C-81EA-7CEC5132B99C}.Release|Any CPU.ActiveCfg = Release|Any CPU
		{C5CA4E3E-63A9-472C-81EA-7CEC5132B99C}.Release|Any CPU.Build.0 = Release|Any CPU
		{22A140E1-51BD-4D76-A180-3142490CCFDF}.Debug|Any CPU.ActiveCfg = Debug|Any CPU
		{22A140E1-51BD-4D76-A180-3142490CCFDF}.Debug|Any CPU.Build.0 = Debug|Any CPU
		{22A140E1-51BD-4D76-A180-3142490CCFDF}.Release|Any CPU.ActiveCfg = Release|Any CPU
		{22A140E1-51BD-4D76-A180-3142490CCFDF}.Release|Any CPU.Build.0 = Release|Any CPU
	EndGlobalSection
	GlobalSection(SolutionProperties) = preSolution
		HideSolutionNode = FALSE
	EndGlobalSection
	GlobalSection(ExtensibilityGlobals) = postSolution
		SolutionGuid = {A0015D97-A2DB-4832-924C-EEA242113663}
	EndGlobalSection
EndGlobal
